// !$*UTF8*$!
{
	archiveVersion = 1;
	classes = {
	};
	objectVersion = 46;
	objects = {

/* Begin PBXBuildFile section */
		02607405133500E7000A16E6 /* MYPhotoController.m in Sources */ = {isa = PBXBuildFile; fileRef = 02607403133500E7000A16E6 /* MYPhotoController.m */; };
		02607406133500E7000A16E6 /* MYPhotoController.xib in Resources */ = {isa = PBXBuildFile; fileRef = 02607404133500E7000A16E6 /* MYPhotoController.xib */; };
		0260742013351222000A16E6 /* facebook-icon.png in Resources */ = {isa = PBXBuildFile; fileRef = 0260741E13351222000A16E6 /* facebook-icon.png */; };
		0260742113351222000A16E6 /* flickr_icon.png in Resources */ = {isa = PBXBuildFile; fileRef = 0260741F13351222000A16E6 /* flickr_icon.png */; };
		0274335D132FFECD00B63F5F /* MYRootController.m in Sources */ = {isa = PBXBuildFile; fileRef = 0274335C132FFECD00B63F5F /* MYRootController.m */; };
		027433C81330084800B63F5F /* MYThemeData.m in Sources */ = {isa = PBXBuildFile; fileRef = 027433C71330084800B63F5F /* MYThemeData.m */; };
		027433F613301A2200B63F5F /* camera.png in Resources */ = {isa = PBXBuildFile; fileRef = 027433F013301A2200B63F5F /* camera.png */; };
		027433F713301A2200B63F5F /* exchange_rate.png in Resources */ = {isa = PBXBuildFile; fileRef = 027433F113301A2200B63F5F /* exchange_rate.png */; };
		027433F913301A2200B63F5F /* message.png in Resources */ = {isa = PBXBuildFile; fileRef = 027433F313301A2200B63F5F /* message.png */; };
		027433FA13301A2200B63F5F /* news.png in Resources */ = {isa = PBXBuildFile; fileRef = 027433F413301A2200B63F5F /* news.png */; };
		027433FB13301A2200B63F5F /* weather.png in Resources */ = {isa = PBXBuildFile; fileRef = 027433F513301A2200B63F5F /* weather.png */; };
		0274341313301BD000B63F5F /* MYNewsController.m in Sources */ = {isa = PBXBuildFile; fileRef = 0274341213301BD000B63F5F /* MYNewsController.m */; };
		027BA47C13317D5000409515 /* tinystr.mm in Sources */ = {isa = PBXBuildFile; fileRef = 027BA47713317D5000409515 /* tinystr.mm */; };
		027BA47D13317D5000409515 /* tinyxml.mm in Sources */ = {isa = PBXBuildFile; fileRef = 027BA47913317D5000409515 /* tinyxml.mm */; };
		027BA47E13317D5000409515 /* tinyxmlerror.mm in Sources */ = {isa = PBXBuildFile; fileRef = 027BA47A13317D5000409515 /* tinyxmlerror.mm */; };
		027BA47F13317D5000409515 /* tinyxmlparser.mm in Sources */ = {isa = PBXBuildFile; fileRef = 027BA47B13317D5000409515 /* tinyxmlparser.mm */; };
		028160951332A56300D8581B /* MYNewsRSSDetailedController.m in Sources */ = {isa = PBXBuildFile; fileRef = 028160931332A56300D8581B /* MYNewsRSSDetailedController.m */; };
		028160961332A56300D8581B /* MYNewsRSSDetailedController.xib in Resources */ = {isa = PBXBuildFile; fileRef = 028160941332A56300D8581B /* MYNewsRSSDetailedController.xib */; };
		02CC54BC133026630051FE80 /* Icon.png in Resources */ = {isa = PBXBuildFile; fileRef = 02CC54BA133026630051FE80 /* Icon.png */; };
		02CC54BD133026630051FE80 /* Icon@2x.png in Resources */ = {isa = PBXBuildFile; fileRef = 02CC54BB133026630051FE80 /* Icon@2x.png */; };
		02ED94961331547D00D58A35 /* NSObject+JSON.m in Sources */ = {isa = PBXBuildFile; fileRef = 02ED94851331547D00D58A35 /* NSObject+JSON.m */; };
		02ED94971331547D00D58A35 /* SBJsonParser.m in Sources */ = {isa = PBXBuildFile; fileRef = 02ED94871331547D00D58A35 /* SBJsonParser.m */; };
		02ED94981331547D00D58A35 /* SBJsonStreamParser.m in Sources */ = {isa = PBXBuildFile; fileRef = 02ED94891331547D00D58A35 /* SBJsonStreamParser.m */; };
		02ED94991331547D00D58A35 /* SBJsonStreamParserAdapter.m in Sources */ = {isa = PBXBuildFile; fileRef = 02ED948B1331547D00D58A35 /* SBJsonStreamParserAdapter.m */; };
		02ED949A1331547D00D58A35 /* SBJsonStreamParserState.m in Sources */ = {isa = PBXBuildFile; fileRef = 02ED948D1331547D00D58A35 /* SBJsonStreamParserState.m */; };
		02ED949B1331547D00D58A35 /* SBJsonStreamWriter.m in Sources */ = {isa = PBXBuildFile; fileRef = 02ED948F1331547D00D58A35 /* SBJsonStreamWriter.m */; };
		02ED949C1331547D00D58A35 /* SBJsonStreamWriterState.m in Sources */ = {isa = PBXBuildFile; fileRef = 02ED94911331547D00D58A35 /* SBJsonStreamWriterState.m */; };
		02ED949D1331547D00D58A35 /* SBJsonTokeniser.m in Sources */ = {isa = PBXBuildFile; fileRef = 02ED94931331547D00D58A35 /* SBJsonTokeniser.m */; };
		02ED949E1331547D00D58A35 /* SBJsonWriter.m in Sources */ = {isa = PBXBuildFile; fileRef = 02ED94951331547D00D58A35 /* SBJsonWriter.m */; };
		02ED94A71331559700D58A35 /* MYNewsRSSItem.m in Sources */ = {isa = PBXBuildFile; fileRef = 02ED94A61331559700D58A35 /* MYNewsRSSItem.m */; };
		02ED94B71331614300D58A35 /* MYNewsRSSFeed.m in Sources */ = {isa = PBXBuildFile; fileRef = 02ED94B61331614300D58A35 /* MYNewsRSSFeed.m */; };
		02ED94BB133169AD00D58A35 /* MYNewsRSSFeedController.mm in Sources */ = {isa = PBXBuildFile; fileRef = 02ED94B9133169AD00D58A35 /* MYNewsRSSFeedController.mm */; };
		02ED951A133171AE00D58A35 /* NewsRSSFeed.json in Resources */ = {isa = PBXBuildFile; fileRef = 02ED9519133171AE00D58A35 /* NewsRSSFeed.json */; };
		1D3623260D0F684500981E51 /* LastDayAppDelegate.m in Sources */ = {isa = PBXBuildFile; fileRef = 1D3623250D0F684500981E51 /* LastDayAppDelegate.m */; };
		1D60589B0D05DD56006BFB54 /* main.m in Sources */ = {isa = PBXBuildFile; fileRef = 29B97316FDCFA39411CA2CEA /* main.m */; };
		1D60589F0D05DD5A006BFB54 /* Foundation.framework in Frameworks */ = {isa = PBXBuildFile; fileRef = 1D30AB110D05D00D00671497 /* Foundation.framework */; };
		1DF5F4E00D08C38300B7A737 /* UIKit.framework in Frameworks */ = {isa = PBXBuildFile; fileRef = 1DF5F4DF0D08C38300B7A737 /* UIKit.framework */; };
		28193060112F816700ECF9B4 /* LastDay.xcdatamodeld in Sources */ = {isa = PBXBuildFile; fileRef = 2819305F112F816700ECF9B4 /* LastDay.xcdatamodeld */; };
		288765A50DF7441C002DB57D /* CoreGraphics.framework in Frameworks */ = {isa = PBXBuildFile; fileRef = 288765A40DF7441C002DB57D /* CoreGraphics.framework */; };
		28AD733F0D9D9553002E5188 /* MainWindow.xib in Resources */ = {isa = PBXBuildFile; fileRef = 28AD733E0D9D9553002E5188 /* MainWindow.xib */; };
		28D801B40F44B63D00FB423F /* CoreData.framework in Frameworks */ = {isa = PBXBuildFile; fileRef = 28D801B30F44B63D00FB423F /* CoreData.framework */; };
/* End PBXBuildFile section */

/* Begin PBXCopyFilesBuildPhase section */
		02ED9518133171A100D58A35 /* CopyFiles */ = {
			isa = PBXCopyFilesBuildPhase;
			buildActionMask = 2147483647;
			dstPath = "";
			dstSubfolderSpec = 7;
			files = (
			);
			runOnlyForDeploymentPostprocessing = 0;
		};
/* End PBXCopyFilesBuildPhase section */

/* Begin PBXFileReference section */
		02607402133500E7000A16E6 /* MYPhotoController.h */ = {isa = PBXFileReference; fileEncoding = 4; lastKnownFileType = sourcecode.c.h; path = MYPhotoController.h; sourceTree = "<group>"; };
		02607403133500E7000A16E6 /* MYPhotoController.m */ = {isa = PBXFileReference; fileEncoding = 4; lastKnownFileType = sourcecode.c.objc; path = MYPhotoController.m; sourceTree = "<group>"; };
		02607404133500E7000A16E6 /* MYPhotoController.xib */ = {isa = PBXFileReference; lastKnownFileType = file.xib; name = MYPhotoController.xib; path = Classes/MYPhotoController.xib; sourceTree = "<group>"; };
		0260741E13351222000A16E6 /* facebook-icon.png */ = {isa = PBXFileReference; lastKnownFileType = image.png; name = "facebook-icon.png"; path = "resources/facebook-icon.png"; sourceTree = SOURCE_ROOT; };
		0260741F13351222000A16E6 /* flickr_icon.png */ = {isa = PBXFileReference; lastKnownFileType = image.png; name = flickr_icon.png; path = resources/flickr_icon.png; sourceTree = SOURCE_ROOT; };
		0274335B132FFECD00B63F5F /* MYRootController.h */ = {isa = PBXFileReference; fileEncoding = 4; lastKnownFileType = sourcecode.c.h; name = MYRootController.h; path = Classes/MYRootController.h; sourceTree = SOURCE_ROOT; };
		0274335C132FFECD00B63F5F /* MYRootController.m */ = {isa = PBXFileReference; fileEncoding = 4; lastKnownFileType = sourcecode.c.objc; name = MYRootController.m; path = Classes/MYRootController.m; sourceTree = SOURCE_ROOT; };
		027433C61330084800B63F5F /* MYThemeData.h */ = {isa = PBXFileReference; fileEncoding = 4; lastKnownFileType = sourcecode.c.h; name = MYThemeData.h; path = Classes/MYThemeData.h; sourceTree = SOURCE_ROOT; };
		027433C71330084800B63F5F /* MYThemeData.m */ = {isa = PBXFileReference; fileEncoding = 4; lastKnownFileType = sourcecode.c.objc; name = MYThemeData.m; path = Classes/MYThemeData.m; sourceTree = SOURCE_ROOT; };
		027433F013301A2200B63F5F /* camera.png */ = {isa = PBXFileReference; lastKnownFileType = image.png; path = camera.png; sourceTree = "<group>"; };
		027433F113301A2200B63F5F /* exchange_rate.png */ = {isa = PBXFileReference; lastKnownFileType = image.png; path = exchange_rate.png; sourceTree = "<group>"; };
		027433F313301A2200B63F5F /* message.png */ = {isa = PBXFileReference; lastKnownFileType = image.png; path = message.png; sourceTree = "<group>"; };
		027433F413301A2200B63F5F /* news.png */ = {isa = PBXFileReference; lastKnownFileType = image.png; path = news.png; sourceTree = "<group>"; };
		027433F513301A2200B63F5F /* weather.png */ = {isa = PBXFileReference; lastKnownFileType = image.png; path = weather.png; sourceTree = "<group>"; };
		0274341113301BD000B63F5F /* MYNewsController.h */ = {isa = PBXFileReference; fileEncoding = 4; lastKnownFileType = sourcecode.c.h; path = MYNewsController.h; sourceTree = "<group>"; };
		0274341213301BD000B63F5F /* MYNewsController.m */ = {isa = PBXFileReference; fileEncoding = 4; lastKnownFileType = sourcecode.c.objc; path = MYNewsController.m; sourceTree = "<group>"; };
		027BA47613317D5000409515 /* tinystr.h */ = {isa = PBXFileReference; fileEncoding = 4; lastKnownFileType = sourcecode.c.h; name = tinystr.h; path = TinyXML/tinystr.h; sourceTree = SOURCE_ROOT; };
		027BA47713317D5000409515 /* tinystr.mm */ = {isa = PBXFileReference; fileEncoding = 4; lastKnownFileType = sourcecode.cpp.objcpp; path = tinystr.mm; sourceTree = "<group>"; };
		027BA47813317D5000409515 /* tinyxml.h */ = {isa = PBXFileReference; fileEncoding = 4; lastKnownFileType = sourcecode.c.h; name = tinyxml.h; path = TinyXML/tinyxml.h; sourceTree = SOURCE_ROOT; };
		027BA47913317D5000409515 /* tinyxml.mm */ = {isa = PBXFileReference; fileEncoding = 4; lastKnownFileType = sourcecode.cpp.objcpp; path = tinyxml.mm; sourceTree = "<group>"; };
		027BA47A13317D5000409515 /* tinyxmlerror.mm */ = {isa = PBXFileReference; fileEncoding = 4; lastKnownFileType = sourcecode.cpp.objcpp; path = tinyxmlerror.mm; sourceTree = "<group>"; };
		027BA47B13317D5000409515 /* tinyxmlparser.mm */ = {isa = PBXFileReference; fileEncoding = 4; lastKnownFileType = sourcecode.cpp.objcpp; path = tinyxmlparser.mm; sourceTree = "<group>"; };
		028160921332A56300D8581B /* MYNewsRSSDetailedController.h */ = {isa = PBXFileReference; fileEncoding = 4; lastKnownFileType = sourcecode.c.h; path = MYNewsRSSDetailedController.h; sourceTree = "<group>"; };
		028160931332A56300D8581B /* MYNewsRSSDetailedController.m */ = {isa = PBXFileReference; fileEncoding = 4; lastKnownFileType = sourcecode.c.objc; path = MYNewsRSSDetailedController.m; sourceTree = "<group>"; };
		028160941332A56300D8581B /* MYNewsRSSDetailedController.xib */ = {isa = PBXFileReference; lastKnownFileType = file.xib; name = MYNewsRSSDetailedController.xib; path = Classes/MYNewsRSSDetailedController.xib; sourceTree = "<group>"; };
		02CC54BA133026630051FE80 /* Icon.png */ = {isa = PBXFileReference; lastKnownFileType = image.png; name = Icon.png; path = resources/Icon.png; sourceTree = SOURCE_ROOT; };
		02CC54BB133026630051FE80 /* Icon@2x.png */ = {isa = PBXFileReference; lastKnownFileType = image.png; name = "Icon@2x.png"; path = "resources/Icon@2x.png"; sourceTree = SOURCE_ROOT; };
		02ED94831331547D00D58A35 /* JSON.h */ = {isa = PBXFileReference; fileEncoding = 4; lastKnownFileType = sourcecode.c.h; name = JSON.h; path = JSONFramework/JSON.h; sourceTree = SOURCE_ROOT; };
		02ED94841331547D00D58A35 /* NSObject+JSON.h */ = {isa = PBXFileReference; fileEncoding = 4; lastKnownFileType = sourcecode.c.h; name = "NSObject+JSON.h"; path = "JSONFramework/NSObject+JSON.h"; sourceTree = SOURCE_ROOT; };
		02ED94851331547D00D58A35 /* NSObject+JSON.m */ = {isa = PBXFileReference; fileEncoding = 4; lastKnownFileType = sourcecode.c.objc; name = "NSObject+JSON.m"; path = "JSONFramework/NSObject+JSON.m"; sourceTree = SOURCE_ROOT; };
		02ED94861331547D00D58A35 /* SBJsonParser.h */ = {isa = PBXFileReference; fileEncoding = 4; lastKnownFileType = sourcecode.c.h; name = SBJsonParser.h; path = JSONFramework/SBJsonParser.h; sourceTree = SOURCE_ROOT; };
		02ED94871331547D00D58A35 /* SBJsonParser.m */ = {isa = PBXFileReference; fileEncoding = 4; lastKnownFileType = sourcecode.c.objc; name = SBJsonParser.m; path = JSONFramework/SBJsonParser.m; sourceTree = SOURCE_ROOT; };
		02ED94881331547D00D58A35 /* SBJsonStreamParser.h */ = {isa = PBXFileReference; fileEncoding = 4; lastKnownFileType = sourcecode.c.h; name = SBJsonStreamParser.h; path = JSONFramework/SBJsonStreamParser.h; sourceTree = SOURCE_ROOT; };
		02ED94891331547D00D58A35 /* SBJsonStreamParser.m */ = {isa = PBXFileReference; fileEncoding = 4; lastKnownFileType = sourcecode.c.objc; name = SBJsonStreamParser.m; path = JSONFramework/SBJsonStreamParser.m; sourceTree = SOURCE_ROOT; };
		02ED948A1331547D00D58A35 /* SBJsonStreamParserAdapter.h */ = {isa = PBXFileReference; fileEncoding = 4; lastKnownFileType = sourcecode.c.h; name = SBJsonStreamParserAdapter.h; path = JSONFramework/SBJsonStreamParserAdapter.h; sourceTree = SOURCE_ROOT; };
		02ED948B1331547D00D58A35 /* SBJsonStreamParserAdapter.m */ = {isa = PBXFileReference; fileEncoding = 4; lastKnownFileType = sourcecode.c.objc; name = SBJsonStreamParserAdapter.m; path = JSONFramework/SBJsonStreamParserAdapter.m; sourceTree = SOURCE_ROOT; };
		02ED948C1331547D00D58A35 /* SBJsonStreamParserState.h */ = {isa = PBXFileReference; fileEncoding = 4; lastKnownFileType = sourcecode.c.h; name = SBJsonStreamParserState.h; path = JSONFramework/SBJsonStreamParserState.h; sourceTree = SOURCE_ROOT; };
		02ED948D1331547D00D58A35 /* SBJsonStreamParserState.m */ = {isa = PBXFileReference; fileEncoding = 4; lastKnownFileType = sourcecode.c.objc; name = SBJsonStreamParserState.m; path = JSONFramework/SBJsonStreamParserState.m; sourceTree = SOURCE_ROOT; };
		02ED948E1331547D00D58A35 /* SBJsonStreamWriter.h */ = {isa = PBXFileReference; fileEncoding = 4; lastKnownFileType = sourcecode.c.h; name = SBJsonStreamWriter.h; path = JSONFramework/SBJsonStreamWriter.h; sourceTree = SOURCE_ROOT; };
		02ED948F1331547D00D58A35 /* SBJsonStreamWriter.m */ = {isa = PBXFileReference; fileEncoding = 4; lastKnownFileType = sourcecode.c.objc; name = SBJsonStreamWriter.m; path = JSONFramework/SBJsonStreamWriter.m; sourceTree = SOURCE_ROOT; };
		02ED94901331547D00D58A35 /* SBJsonStreamWriterState.h */ = {isa = PBXFileReference; fileEncoding = 4; lastKnownFileType = sourcecode.c.h; name = SBJsonStreamWriterState.h; path = JSONFramework/SBJsonStreamWriterState.h; sourceTree = SOURCE_ROOT; };
		02ED94911331547D00D58A35 /* SBJsonStreamWriterState.m */ = {isa = PBXFileReference; fileEncoding = 4; lastKnownFileType = sourcecode.c.objc; name = SBJsonStreamWriterState.m; path = JSONFramework/SBJsonStreamWriterState.m; sourceTree = SOURCE_ROOT; };
		02ED94921331547D00D58A35 /* SBJsonTokeniser.h */ = {isa = PBXFileReference; fileEncoding = 4; lastKnownFileType = sourcecode.c.h; name = SBJsonTokeniser.h; path = JSONFramework/SBJsonTokeniser.h; sourceTree = SOURCE_ROOT; };
		02ED94931331547D00D58A35 /* SBJsonTokeniser.m */ = {isa = PBXFileReference; fileEncoding = 4; lastKnownFileType = sourcecode.c.objc; name = SBJsonTokeniser.m; path = JSONFramework/SBJsonTokeniser.m; sourceTree = SOURCE_ROOT; };
		02ED94941331547D00D58A35 /* SBJsonWriter.h */ = {isa = PBXFileReference; fileEncoding = 4; lastKnownFileType = sourcecode.c.h; name = SBJsonWriter.h; path = JSONFramework/SBJsonWriter.h; sourceTree = SOURCE_ROOT; };
		02ED94951331547D00D58A35 /* SBJsonWriter.m */ = {isa = PBXFileReference; fileEncoding = 4; lastKnownFileType = sourcecode.c.objc; name = SBJsonWriter.m; path = JSONFramework/SBJsonWriter.m; sourceTree = SOURCE_ROOT; };
		02ED94A51331559700D58A35 /* MYNewsRSSItem.h */ = {isa = PBXFileReference; fileEncoding = 4; lastKnownFileType = sourcecode.c.h; path = MYNewsRSSItem.h; sourceTree = "<group>"; };
		02ED94A61331559700D58A35 /* MYNewsRSSItem.m */ = {isa = PBXFileReference; fileEncoding = 4; lastKnownFileType = sourcecode.c.objc; path = MYNewsRSSItem.m; sourceTree = "<group>"; };
		02ED94B51331614300D58A35 /* MYNewsRSSFeed.h */ = {isa = PBXFileReference; fileEncoding = 4; lastKnownFileType = sourcecode.c.h; path = MYNewsRSSFeed.h; sourceTree = "<group>"; };
		02ED94B61331614300D58A35 /* MYNewsRSSFeed.m */ = {isa = PBXFileReference; fileEncoding = 4; lastKnownFileType = sourcecode.c.objc; path = MYNewsRSSFeed.m; sourceTree = "<group>"; };
		02ED94B8133169AD00D58A35 /* MYNewsRSSFeedController.h */ = {isa = PBXFileReference; fileEncoding = 4; lastKnownFileType = sourcecode.c.h; path = MYNewsRSSFeedController.h; sourceTree = "<group>"; };
		02ED94B9133169AD00D58A35 /* MYNewsRSSFeedController.mm */ = {isa = PBXFileReference; fileEncoding = 4; lastKnownFileType = sourcecode.cpp.objcpp; path = MYNewsRSSFeedController.mm; sourceTree = "<group>"; };
		02ED9519133171AE00D58A35 /* NewsRSSFeed.json */ = {isa = PBXFileReference; fileEncoding = 4; lastKnownFileType = text; name = NewsRSSFeed.json; path = resources/NewsRSSFeed.json; sourceTree = "<group>"; };
		1D30AB110D05D00D00671497 /* Foundation.framework */ = {isa = PBXFileReference; lastKnownFileType = wrapper.framework; name = Foundation.framework; path = System/Library/Frameworks/Foundation.framework; sourceTree = SDKROOT; };
		1D3623240D0F684500981E51 /* LastDayAppDelegate.h */ = {isa = PBXFileReference; fileEncoding = 4; lastKnownFileType = sourcecode.c.h; name = LastDayAppDelegate.h; path = Classes/LastDayAppDelegate.h; sourceTree = SOURCE_ROOT; };
		1D3623250D0F684500981E51 /* LastDayAppDelegate.m */ = {isa = PBXFileReference; fileEncoding = 4; lastKnownFileType = sourcecode.c.objc; name = LastDayAppDelegate.m; path = Classes/LastDayAppDelegate.m; sourceTree = SOURCE_ROOT; };
		1D6058910D05DD3D006BFB54 /* LastDay.app */ = {isa = PBXFileReference; explicitFileType = wrapper.application; includeInIndex = 0; path = LastDay.app; sourceTree = BUILT_PRODUCTS_DIR; };
		1DF5F4DF0D08C38300B7A737 /* UIKit.framework */ = {isa = PBXFileReference; lastKnownFileType = wrapper.framework; name = UIKit.framework; path = System/Library/Frameworks/UIKit.framework; sourceTree = SDKROOT; };
		288765A40DF7441C002DB57D /* CoreGraphics.framework */ = {isa = PBXFileReference; lastKnownFileType = wrapper.framework; name = CoreGraphics.framework; path = System/Library/Frameworks/CoreGraphics.framework; sourceTree = SDKROOT; };
		28AD733E0D9D9553002E5188 /* MainWindow.xib */ = {isa = PBXFileReference; lastKnownFileType = file.xib; path = MainWindow.xib; sourceTree = "<group>"; };
		28C3AD890F43EF2300507BA6 /* LastDay.xcdatamodel */ = {isa = PBXFileReference; fileEncoding = 4; lastKnownFileType = wrapper.xcdatamodel; path = LastDay.xcdatamodel; sourceTree = "<group>"; };
		28D801B30F44B63D00FB423F /* CoreData.framework */ = {isa = PBXFileReference; lastKnownFileType = wrapper.framework; name = CoreData.framework; path = System/Library/Frameworks/CoreData.framework; sourceTree = SDKROOT; };
		29B97316FDCFA39411CA2CEA /* main.m */ = {isa = PBXFileReference; fileEncoding = 4; lastKnownFileType = sourcecode.c.objc; path = main.m; sourceTree = SOURCE_ROOT; };
		32CA4F630368D1EE00C91783 /* LastDay_Prefix.pch */ = {isa = PBXFileReference; fileEncoding = 4; lastKnownFileType = sourcecode.c.h; path = LastDay_Prefix.pch; sourceTree = "<group>"; };
		8D1107310486CEB800E47090 /* LastDay-Info.plist */ = {isa = PBXFileReference; fileEncoding = 4; lastKnownFileType = text.plist.xml; path = "LastDay-Info.plist"; plistStructureDefinitionIdentifier = "com.apple.xcode.plist.structure-definition.iphone.info-plist"; sourceTree = "<group>"; };
/* End PBXFileReference section */

/* Begin PBXFrameworksBuildPhase section */
		1D60588F0D05DD3D006BFB54 /* Frameworks */ = {
			isa = PBXFrameworksBuildPhase;
			buildActionMask = 2147483647;
			files = (
				1D60589F0D05DD5A006BFB54 /* Foundation.framework in Frameworks */,
				1DF5F4E00D08C38300B7A737 /* UIKit.framework in Frameworks */,
				288765A50DF7441C002DB57D /* CoreGraphics.framework in Frameworks */,
				28D801B40F44B63D00FB423F /* CoreData.framework in Frameworks */,
			);
			runOnlyForDeploymentPostprocessing = 0;
		};
/* End PBXFrameworksBuildPhase section */

/* Begin PBXGroup section */
		02607401133500C6000A16E6 /* Photo */ = {
			isa = PBXGroup;
			children = (
				02607402133500E7000A16E6 /* MYPhotoController.h */,
				02607403133500E7000A16E6 /* MYPhotoController.m */,
			);
			name = Photo;
			sourceTree = "<group>";
		};
		027433EF13301A2200B63F5F /* ThemeImages */ = {
			isa = PBXGroup;
			children = (
				027433F013301A2200B63F5F /* camera.png */,
				027433F113301A2200B63F5F /* exchange_rate.png */,
				027433F313301A2200B63F5F /* message.png */,
				027433F413301A2200B63F5F /* news.png */,
				027433F513301A2200B63F5F /* weather.png */,
			);
			name = ThemeImages;
			path = resources/ThemeImages;
			sourceTree = "<group>";
		};
		027BA47513317D5000409515 /* TinyXML */ = {
			isa = PBXGroup;
			children = (
				027BA47613317D5000409515 /* tinystr.h */,
				027BA47713317D5000409515 /* tinystr.mm */,
				027BA47813317D5000409515 /* tinyxml.h */,
				027BA47913317D5000409515 /* tinyxml.mm */,
				027BA47A13317D5000409515 /* tinyxmlerror.mm */,
				027BA47B13317D5000409515 /* tinyxmlparser.mm */,
			);
			path = TinyXML;
			sourceTree = SOURCE_ROOT;
		};
		02ED94821331547D00D58A35 /* JSONFramework */ = {
			isa = PBXGroup;
			children = (
				02ED94831331547D00D58A35 /* JSON.h */,
				02ED94841331547D00D58A35 /* NSObject+JSON.h */,
				02ED94851331547D00D58A35 /* NSObject+JSON.m */,
				02ED94861331547D00D58A35 /* SBJsonParser.h */,
				02ED94871331547D00D58A35 /* SBJsonParser.m */,
				02ED94881331547D00D58A35 /* SBJsonStreamParser.h */,
				02ED94891331547D00D58A35 /* SBJsonStreamParser.m */,
				02ED948A1331547D00D58A35 /* SBJsonStreamParserAdapter.h */,
				02ED948B1331547D00D58A35 /* SBJsonStreamParserAdapter.m */,
				02ED948C1331547D00D58A35 /* SBJsonStreamParserState.h */,
				02ED948D1331547D00D58A35 /* SBJsonStreamParserState.m */,
				02ED948E1331547D00D58A35 /* SBJsonStreamWriter.h */,
				02ED948F1331547D00D58A35 /* SBJsonStreamWriter.m */,
				02ED94901331547D00D58A35 /* SBJsonStreamWriterState.h */,
				02ED94911331547D00D58A35 /* SBJsonStreamWriterState.m */,
				02ED94921331547D00D58A35 /* SBJsonTokeniser.h */,
				02ED94931331547D00D58A35 /* SBJsonTokeniser.m */,
				02ED94941331547D00D58A35 /* SBJsonWriter.h */,
				02ED94951331547D00D58A35 /* SBJsonWriter.m */,
			);
			path = JSONFramework;
			sourceTree = SOURCE_ROOT;
		};
		02ED94B41331612100D58A35 /* News */ = {
			isa = PBXGroup;
			children = (
				0274341113301BD000B63F5F /* MYNewsController.h */,
				0274341213301BD000B63F5F /* MYNewsController.m */,
				02ED94A51331559700D58A35 /* MYNewsRSSItem.h */,
				02ED94A61331559700D58A35 /* MYNewsRSSItem.m */,
				02ED94B51331614300D58A35 /* MYNewsRSSFeed.h */,
				02ED94B61331614300D58A35 /* MYNewsRSSFeed.m */,
				02ED94B8133169AD00D58A35 /* MYNewsRSSFeedController.h */,
				02ED94B9133169AD00D58A35 /* MYNewsRSSFeedController.mm */,
				028160921332A56300D8581B /* MYNewsRSSDetailedController.h */,
				028160931332A56300D8581B /* MYNewsRSSDetailedController.m */,
			);
			name = News;
			sourceTree = "<group>";
		};
		02ED94E013316DD500D58A35 /* NIB */ = {
			isa = PBXGroup;
			children = (
				028160941332A56300D8581B /* MYNewsRSSDetailedController.xib */,
				02607404133500E7000A16E6 /* MYPhotoController.xib */,
				28AD733E0D9D9553002E5188 /* MainWindow.xib */,
			);
			name = NIB;
			sourceTree = "<group>";
		};
		080E96DDFE201D6D7F000001 /* Classes */ = {
			isa = PBXGroup;
			children = (
				02607401133500C6000A16E6 /* Photo */,
				02ED94B41331612100D58A35 /* News */,
				1D3623240D0F684500981E51 /* LastDayAppDelegate.h */,
				1D3623250D0F684500981E51 /* LastDayAppDelegate.m */,
				0274335B132FFECD00B63F5F /* MYRootController.h */,
				0274335C132FFECD00B63F5F /* MYRootController.m */,
				027433C61330084800B63F5F /* MYThemeData.h */,
				027433C71330084800B63F5F /* MYThemeData.m */,
			);
			path = Classes;
			sourceTree = SOURCE_ROOT;
		};
		19C28FACFE9D520D11CA2CBB /* Products */ = {
			isa = PBXGroup;
			children = (
				1D6058910D05DD3D006BFB54 /* LastDay.app */,
			);
			name = Products;
			sourceTree = "<group>";
		};
		29B97314FDCFA39411CA2CEA /* CustomTemplate */ = {
			isa = PBXGroup;
			children = (
				027BA47513317D5000409515 /* TinyXML */,
				02ED94821331547D00D58A35 /* JSONFramework */,
				080E96DDFE201D6D7F000001 /* Classes */,
				29B97315FDCFA39411CA2CEA /* Other Sources */,
				29B97317FDCFA39411CA2CEA /* Resources */,
				29B97323FDCFA39411CA2CEA /* Frameworks */,
				19C28FACFE9D520D11CA2CBB /* Products */,
			);
			name = CustomTemplate;
			sourceTree = "<group>";
		};
		29B97315FDCFA39411CA2CEA /* Other Sources */ = {
			isa = PBXGroup;
			children = (
				32CA4F630368D1EE00C91783 /* LastDay_Prefix.pch */,
				29B97316FDCFA39411CA2CEA /* main.m */,
			);
			name = "Other Sources";
			sourceTree = "<group>";
		};
		29B97317FDCFA39411CA2CEA /* Resources */ = {
			isa = PBXGroup;
			children = (
				0260741E13351222000A16E6 /* facebook-icon.png */,
				0260741F13351222000A16E6 /* flickr_icon.png */,
				02ED94E013316DD500D58A35 /* NIB */,
				027433EF13301A2200B63F5F /* ThemeImages */,
				02CC54BA133026630051FE80 /* Icon.png */,
				02CC54BB133026630051FE80 /* Icon@2x.png */,
				2819305F112F816700ECF9B4 /* LastDay.xcdatamodeld */,
				8D1107310486CEB800E47090 /* LastDay-Info.plist */,
				02ED9519133171AE00D58A35 /* NewsRSSFeed.json */,
			);
			name = Resources;
			sourceTree = "<group>";
		};
		29B97323FDCFA39411CA2CEA /* Frameworks */ = {
			isa = PBXGroup;
			children = (
				1DF5F4DF0D08C38300B7A737 /* UIKit.framework */,
				1D30AB110D05D00D00671497 /* Foundation.framework */,
				288765A40DF7441C002DB57D /* CoreGraphics.framework */,
				28D801B30F44B63D00FB423F /* CoreData.framework */,
			);
			name = Frameworks;
			sourceTree = "<group>";
		};
/* End PBXGroup section */

/* Begin PBXNativeTarget section */
		1D6058900D05DD3D006BFB54 /* LastDay */ = {
			isa = PBXNativeTarget;
			buildConfigurationList = 1D6058960D05DD3E006BFB54 /* Build configuration list for PBXNativeTarget "LastDay" */;
			buildPhases = (
				1D60588D0D05DD3D006BFB54 /* Resources */,
				1D60588E0D05DD3D006BFB54 /* Sources */,
				1D60588F0D05DD3D006BFB54 /* Frameworks */,
				02ED9518133171A100D58A35 /* CopyFiles */,
			);
			buildRules = (
			);
			dependencies = (
			);
			name = LastDay;
			productName = LastDay;
			productReference = 1D6058910D05DD3D006BFB54 /* LastDay.app */;
			productType = "com.apple.product-type.application";
		};
/* End PBXNativeTarget section */

/* Begin PBXProject section */
		29B97313FDCFA39411CA2CEA /* Project object */ = {
			isa = PBXProject;
			buildConfigurationList = C01FCF4E08A954540054247B /* Build configuration list for PBXProject "LastDay" */;
			compatibilityVersion = "Xcode 3.2";
			developmentRegion = English;
			hasScannedForEncodings = 1;
			knownRegions = (
				English,
				Japanese,
				French,
				German,
			);
			mainGroup = 29B97314FDCFA39411CA2CEA /* CustomTemplate */;
			projectDirPath = "";
			projectRoot = "";
			targets = (
				1D6058900D05DD3D006BFB54 /* LastDay */,
			);
		};
/* End PBXProject section */

/* Begin PBXResourcesBuildPhase section */
		1D60588D0D05DD3D006BFB54 /* Resources */ = {
			isa = PBXResourcesBuildPhase;
			buildActionMask = 2147483647;
			files = (
				28AD733F0D9D9553002E5188 /* MainWindow.xib in Resources */,
				027433F613301A2200B63F5F /* camera.png in Resources */,
				027433F713301A2200B63F5F /* exchange_rate.png in Resources */,
				027433F913301A2200B63F5F /* message.png in Resources */,
				027433FA13301A2200B63F5F /* news.png in Resources */,
				027433FB13301A2200B63F5F /* weather.png in Resources */,
				02CC54BC133026630051FE80 /* Icon.png in Resources */,
				02CC54BD133026630051FE80 /* Icon@2x.png in Resources */,
				02ED951A133171AE00D58A35 /* NewsRSSFeed.json in Resources */,
				028160961332A56300D8581B /* MYNewsRSSDetailedController.xib in Resources */,
				02607406133500E7000A16E6 /* MYPhotoController.xib in Resources */,
				0260742013351222000A16E6 /* facebook-icon.png in Resources */,
				0260742113351222000A16E6 /* flickr_icon.png in Resources */,
			);
			runOnlyForDeploymentPostprocessing = 0;
		};
/* End PBXResourcesBuildPhase section */

/* Begin PBXSourcesBuildPhase section */
		1D60588E0D05DD3D006BFB54 /* Sources */ = {
			isa = PBXSourcesBuildPhase;
			buildActionMask = 2147483647;
			files = (
				1D60589B0D05DD56006BFB54 /* main.m in Sources */,
				1D3623260D0F684500981E51 /* LastDayAppDelegate.m in Sources */,
				28193060112F816700ECF9B4 /* LastDay.xcdatamodeld in Sources */,
				0274335D132FFECD00B63F5F /* MYRootController.m in Sources */,
				027433C81330084800B63F5F /* MYThemeData.m in Sources */,
				0274341313301BD000B63F5F /* MYNewsController.m in Sources */,
				02ED94961331547D00D58A35 /* NSObject+JSON.m in Sources */,
				02ED94971331547D00D58A35 /* SBJsonParser.m in Sources */,
				02ED94981331547D00D58A35 /* SBJsonStreamParser.m in Sources */,
				02ED94991331547D00D58A35 /* SBJsonStreamParserAdapter.m in Sources */,
				02ED949A1331547D00D58A35 /* SBJsonStreamParserState.m in Sources */,
				02ED949B1331547D00D58A35 /* SBJsonStreamWriter.m in Sources */,
				02ED949C1331547D00D58A35 /* SBJsonStreamWriterState.m in Sources */,
				02ED949D1331547D00D58A35 /* SBJsonTokeniser.m in Sources */,
				02ED949E1331547D00D58A35 /* SBJsonWriter.m in Sources */,
				02ED94A71331559700D58A35 /* MYNewsRSSItem.m in Sources */,
				02ED94B71331614300D58A35 /* MYNewsRSSFeed.m in Sources */,
				02ED94BB133169AD00D58A35 /* MYNewsRSSFeedController.mm in Sources */,
				027BA47C13317D5000409515 /* tinystr.mm in Sources */,
				027BA47D13317D5000409515 /* tinyxml.mm in Sources */,
				027BA47E13317D5000409515 /* tinyxmlerror.mm in Sources */,
				027BA47F13317D5000409515 /* tinyxmlparser.mm in Sources */,
				028160951332A56300D8581B /* MYNewsRSSDetailedController.m in Sources */,
				02607405133500E7000A16E6 /* MYPhotoController.m in Sources */,
			);
			runOnlyForDeploymentPostprocessing = 0;
		};
/* End PBXSourcesBuildPhase section */

/* Begin XCBuildConfiguration section */
		1D6058940D05DD3E006BFB54 /* Debug */ = {
			isa = XCBuildConfiguration;
			buildSettings = {
				ALWAYS_SEARCH_USER_PATHS = NO;
				COPY_PHASE_STRIP = NO;
				GCC_DYNAMIC_NO_PIC = NO;
				GCC_OPTIMIZATION_LEVEL = 0;
				GCC_PRECOMPILE_PREFIX_HEADER = YES;
				GCC_PREFIX_HEADER = LastDay_Prefix.pch;
				INFOPLIST_FILE = "LastDay-Info.plist";
				PRODUCT_NAME = LastDay;
			};
			name = Debug;
		};
		1D6058950D05DD3E006BFB54 /* Release */ = {
			isa = XCBuildConfiguration;
			buildSettings = {
				ALWAYS_SEARCH_USER_PATHS = NO;
				COPY_PHASE_STRIP = YES;
				GCC_PRECOMPILE_PREFIX_HEADER = YES;
				GCC_PREFIX_HEADER = LastDay_Prefix.pch;
				INFOPLIST_FILE = "LastDay-Info.plist";
				PRODUCT_NAME = LastDay;
				VALIDATE_PRODUCT = YES;
			};
			name = Release;
		};
		C01FCF4F08A954540054247B /* Debug */ = {
			isa = XCBuildConfiguration;
			buildSettings = {
				ARCHS = "$(ARCHS_STANDARD_32_BIT)";
				"CODE_SIGN_IDENTITY[sdk=iphoneos*]" = "iPhone Developer";
				GCC_C_LANGUAGE_STANDARD = c99;
				GCC_WARN_ABOUT_RETURN_TYPE = YES;
				GCC_WARN_UNUSED_VARIABLE = YES;
				PREBINDING = NO;
				SDKROOT = iphoneos;
			};
			name = Debug;
		};
		C01FCF5008A954540054247B /* Release */ = {
			isa = XCBuildConfiguration;
			buildSettings = {
				ARCHS = "$(ARCHS_STANDARD_32_BIT)";
				"CODE_SIGN_IDENTITY[sdk=iphoneos*]" = "iPhone Developer";
				GCC_C_LANGUAGE_STANDARD = c99;
				GCC_WARN_ABOUT_RETURN_TYPE = YES;
				GCC_WARN_UNUSED_VARIABLE = YES;
				OTHER_CFLAGS = "-DNS_BLOCK_ASSERTIONS=1";
				PREBINDING = NO;
				SDKROOT = iphoneos;
			};
			name = Release;
		};
/* End XCBuildConfiguration section */

/* Begin XCConfigurationList section */
		1D6058960D05DD3E006BFB54 /* Build configuration list for PBXNativeTarget "LastDay" */ = {
			isa = XCConfigurationList;
			buildConfigurations = (
				1D6058940D05DD3E006BFB54 /* Debug */,
				1D6058950D05DD3E006BFB54 /* Release */,
			);
			defaultConfigurationIsVisible = 0;
			defaultConfigurationName = Release;
		};
		C01FCF4E08A954540054247B /* Build configuration list for PBXProject "LastDay" */ = {
			isa = XCConfigurationList;
			buildConfigurations = (
				C01FCF4F08A954540054247B /* Debug */,
				C01FCF5008A954540054247B /* Release */,
			);
			defaultConfigurationIsVisible = 0;
			defaultConfigurationName = Release;
		};
/* End XCConfigurationList section */

/* Begin XCVersionGroup section */
		2819305F112F816700ECF9B4 /* LastDay.xcdatamodeld */ = {
			isa = XCVersionGroup;
			children = (
				28C3AD890F43EF2300507BA6 /* LastDay.xcdatamodel */,
			);
			currentVersion = 28C3AD890F43EF2300507BA6 /* LastDay.xcdatamodel */;
			path = LastDay.xcdatamodeld;
			sourceTree = "<group>";
			versionGroupType = wrapper.xcdatamodel;
		};
/* End XCVersionGroup section */
	};
	rootObject = 29B97313FDCFA39411CA2CEA /* Project object */;
}
